
Microsoft Visual Studio Solution File, Format Version 12.00
# Visual Studio Version 17
VisualStudioVersion = 17.10.34916.146
MinimumVisualStudioVersion = 10.0.40219.1
Project("{FAE04EC0-301F-11D3-BF4B-00C04F79EFBC}") = "Calculator", "Calculator\Calculator.csproj", "{765B95D5-372E-41CA-A8F4-B1F3812F670A}"
EndProject
Project("{FAE04EC0-301F-11D3-BF4B-00C04F79EFBC}") = "TestProject1", "TestProject1\TestProject1.csproj", "{622AD721-AB89-4C95-BC12-E5FA4D4F2E40}"
EndProject
Global
	GlobalSection(SolutionConfigurationPlatforms) = preSolution
		Debug|Any CPU = Debug|Any CPU
		Release|Any CPU = Release|Any CPU
	EndGlobalSection
	GlobalSection(ProjectConfigurationPlatforms) = postSolution
		{765B95D5-372E-41CA-A8F4-B1F3812F670A}.Debug|Any CPU.ActiveCfg = Debug|Any CPU
		{765B95D5-372E-41CA-A8F4-B1F3812F670A}.Debug|Any CPU.Build.0 = Debug|Any CPU
		{765B95D5-372E-41CA-A8F4-B1F3812F670A}.Release|Any CPU.ActiveCfg = Release|Any CPU
		{765B95D5-372E-41CA-A8F4-B1F3812F670A}.Release|Any CPU.Build.0 = Release|Any CPU
		{622AD721-AB89-4C95-BC12-E5FA4D4F2E40}.Debug|Any CPU.ActiveCfg = Debug|Any CPU
		{622AD721-AB89-4C95-BC12-E5FA4D4F2E40}.Debug|Any CPU.Build.0 = Debug|Any CPU
		{622AD721-AB89-4C95-BC12-E5FA4D4F2E40}.Release|Any CPU.ActiveCfg = Release|Any CPU
		{622AD721-AB89-4C95-BC12-E5FA4D4F2E40}.Release|Any CPU.Build.0 = Release|Any CPU
	EndGlobalSection
	GlobalSection(SolutionProperties) = preSolution
		HideSolutionNode = FALSE
	EndGlobalSection
	GlobalSection(ExtensibilityGlobals) = postSolution
		SolutionGuid = {36D8C01B-EFB5-4B54-931C-3074DA8903B8}
	EndGlobalSection
EndGlobal
